// !$*UTF8*$!
{
	archiveVersion = 1;
	classes = {
	};
	objectVersion = 46;
	objects = {

/* Begin PBXBuildFile section */
		62BFB8131A7C4EFE00593A87 /* main.m in Sources */ = {isa = PBXBuildFile; fileRef = 62BFB8121A7C4EFE00593A87 /* main.m */; };
		62BFB8161A7C4EFE00593A87 /* AppDelegate.m in Sources */ = {isa = PBXBuildFile; fileRef = 62BFB8151A7C4EFE00593A87 /* AppDelegate.m */; };
		62BFB8191A7C4EFE00593A87 /* developmentBranch.xcdatamodeld in Sources */ = {isa = PBXBuildFile; fileRef = 62BFB8171A7C4EFE00593A87 /* developmentBranch.xcdatamodeld */; };
		62BFB81C1A7C4EFE00593A87 /* ViewController.m in Sources */ = {isa = PBXBuildFile; fileRef = 62BFB81B1A7C4EFE00593A87 /* ViewController.m */; };
		62BFB81F1A7C4EFE00593A87 /* Main.storyboard in Resources */ = {isa = PBXBuildFile; fileRef = 62BFB81D1A7C4EFE00593A87 /* Main.storyboard */; };
		62BFB8211A7C4EFE00593A87 /* Images.xcassets in Resources */ = {isa = PBXBuildFile; fileRef = 62BFB8201A7C4EFE00593A87 /* Images.xcassets */; };
		62BFB8241A7C4EFE00593A87 /* LaunchScreen.xib in Resources */ = {isa = PBXBuildFile; fileRef = 62BFB8221A7C4EFE00593A87 /* LaunchScreen.xib */; };
		62BFB8301A7C4EFE00593A87 /* developmentBranchTests.m in Sources */ = {isa = PBXBuildFile; fileRef = 62BFB82F1A7C4EFE00593A87 /* developmentBranchTests.m */; };
		62BFB83B1A7C4F1300593A87 /* firstViewController.m in Sources */ = {isa = PBXBuildFile; fileRef = 62BFB83A1A7C4F1300593A87 /* firstViewController.m */; };
/* End PBXBuildFile section */

/* Begin PBXContainerItemProxy section */
		62BFB82A1A7C4EFE00593A87 /* PBXContainerItemProxy */ = {
			isa = PBXContainerItemProxy;
			containerPortal = 62BFB8051A7C4EFE00593A87 /* Project object */;
			proxyType = 1;
			remoteGlobalIDString = 62BFB80C1A7C4EFE00593A87;
			remoteInfo = developmentBranch;
		};
/* End PBXContainerItemProxy section */

/* Begin PBXFileReference section */
		62BFB80D1A7C4EFE00593A87 /* developmentBranch.app */ = {isa = PBXFileReference; explicitFileType = wrapper.application; includeInIndex = 0; path = developmentBranch.app; sourceTree = BUILT_PRODUCTS_DIR; };
		62BFB8111A7C4EFE00593A87 /* Info.plist */ = {isa = PBXFileReference; lastKnownFileType = text.plist.xml; path = Info.plist; sourceTree = "<group>"; };
		62BFB8121A7C4EFE00593A87 /* main.m */ = {isa = PBXFileReference; lastKnownFileType = sourcecode.c.objc; path = main.m; sourceTree = "<group>"; };
		62BFB8141A7C4EFE00593A87 /* AppDelegate.h */ = {isa = PBXFileReference; lastKnownFileType = sourcecode.c.h; path = AppDelegate.h; sourceTree = "<group>"; };
		62BFB8151A7C4EFE00593A87 /* AppDelegate.m */ = {isa = PBXFileReference; lastKnownFileType = sourcecode.c.objc; path = AppDelegate.m; sourceTree = "<group>"; };
		62BFB8181A7C4EFE00593A87 /* developmentBranch.xcdatamodel */ = {isa = PBXFileReference; lastKnownFileType = wrapper.xcdatamodel; path = developmentBranch.xcdatamodel; sourceTree = "<group>"; };
		62BFB81A1A7C4EFE00593A87 /* ViewController.h */ = {isa = PBXFileReference; lastKnownFileType = sourcecode.c.h; path = ViewController.h; sourceTree = "<group>"; };
		62BFB81B1A7C4EFE00593A87 /* ViewController.m */ = {isa = PBXFileReference; lastKnownFileType = sourcecode.c.objc; path = ViewController.m; sourceTree = "<group>"; };
		62BFB81E1A7C4EFE00593A87 /* Base */ = {isa = PBXFileReference; lastKnownFileType = file.storyboard; name = Base; path = Base.lproj/Main.storyboard; sourceTree = "<group>"; };
		62BFB8201A7C4EFE00593A87 /* Images.xcassets */ = {isa = PBXFileReference; lastKnownFileType = folder.assetcatalog; path = Images.xcassets; sourceTree = "<group>"; };
		62BFB8231A7C4EFE00593A87 /* Base */ = {isa = PBXFileReference; lastKnownFileType = file.xib; name = Base; path = Base.lproj/LaunchScreen.xib; sourceTree = "<group>"; };
		62BFB8291A7C4EFE00593A87 /* developmentBranchTests.xctest */ = {isa = PBXFileReference; explicitFileType = wrapper.cfbundle; includeInIndex = 0; path = developmentBranchTests.xctest; sourceTree = BUILT_PRODUCTS_DIR; };
		62BFB82E1A7C4EFE00593A87 /* Info.plist */ = {isa = PBXFileReference; lastKnownFileType = text.plist.xml; path = Info.plist; sourceTree = "<group>"; };
		62BFB82F1A7C4EFE00593A87 /* developmentBranchTests.m */ = {isa = PBXFileReference; lastKnownFileType = sourcecode.c.objc; path = developmentBranchTests.m; sourceTree = "<group>"; };
		62BFB8391A7C4F1300593A87 /* firstViewController.h */ = {isa = PBXFileReference; fileEncoding = 4; lastKnownFileType = sourcecode.c.h; path = firstViewController.h; sourceTree = "<group>"; };
		62BFB83A1A7C4F1300593A87 /* firstViewController.m */ = {isa = PBXFileReference; fileEncoding = 4; lastKnownFileType = sourcecode.c.objc; path = firstViewController.m; sourceTree = "<group>"; };
/* End PBXFileReference section */

/* Begin PBXFrameworksBuildPhase section */
		62BFB80A1A7C4EFE00593A87 /* Frameworks */ = {
			isa = PBXFrameworksBuildPhase;
			buildActionMask = 2147483647;
			files = (
			);
			runOnlyForDeploymentPostprocessing = 0;
		};
		62BFB8261A7C4EFE00593A87 /* Frameworks */ = {
			isa = PBXFrameworksBuildPhase;
			buildActionMask = 2147483647;
			files = (
			);
			runOnlyForDeploymentPostprocessing = 0;
		};
/* End PBXFrameworksBuildPhase section */

/* Begin PBXGroup section */
		62BFB8041A7C4EFE00593A87 = {
			isa = PBXGroup;
			children = (
				62BFB80F1A7C4EFE00593A87 /* developmentBranch */,
				62BFB82C1A7C4EFE00593A87 /* developmentBranchTests */,
				62BFB80E1A7C4EFE00593A87 /* Products */,
			);
			sourceTree = "<group>";
		};
		62BFB80E1A7C4EFE00593A87 /* Products */ = {
			isa = PBXGroup;
			children = (
				62BFB80D1A7C4EFE00593A87 /* developmentBranch.app */,
				62BFB8291A7C4EFE00593A87 /* developmentBranchTests.xctest */,
			);
			name = Products;
			sourceTree = "<group>";
		};
		62BFB80F1A7C4EFE00593A87 /* developmentBranch */ = {
			isa = PBXGroup;
			children = (
				62BFB8141A7C4EFE00593A87 /* AppDelegate.h */,
				62BFB8151A7C4EFE00593A87 /* AppDelegate.m */,
				62BFB81A1A7C4EFE00593A87 /* ViewController.h */,
				62BFB8391A7C4F1300593A87 /* firstViewController.h */,
				62BFB83A1A7C4F1300593A87 /* firstViewController.m */,
				62BFB81B1A7C4EFE00593A87 /* ViewController.m */,
				62BFB81D1A7C4EFE00593A87 /* Main.storyboard */,
				62BFB8201A7C4EFE00593A87 /* Images.xcassets */,
				62BFB8221A7C4EFE00593A87 /* LaunchScreen.xib */,
				62BFB8171A7C4EFE00593A87 /* developmentBranch.xcdatamodeld */,
				62BFB8101A7C4EFE00593A87 /* Supporting Files */,
			);
			path = developmentBranch;
			sourceTree = "<group>";
		};
		62BFB8101A7C4EFE00593A87 /* Supporting Files */ = {
			isa = PBXGroup;
			children = (
				62BFB8111A7C4EFE00593A87 /* Info.plist */,
				62BFB8121A7C4EFE00593A87 /* main.m */,
			);
			name = "Supporting Files";
			sourceTree = "<group>";
		};
		62BFB82C1A7C4EFE00593A87 /* developmentBranchTests */ = {
			isa = PBXGroup;
			children = (
				62BFB82F1A7C4EFE00593A87 /* developmentBranchTests.m */,
				62BFB82D1A7C4EFE00593A87 /* Supporting Files */,
			);
			path = developmentBranchTests;
			sourceTree = "<group>";
		};
		62BFB82D1A7C4EFE00593A87 /* Supporting Files */ = {
			isa = PBXGroup;
			children = (
				62BFB82E1A7C4EFE00593A87 /* Info.plist */,
			);
			name = "Supporting Files";
			sourceTree = "<group>";
		};
/* End PBXGroup section */

/* Begin PBXNativeTarget section */
		62BFB80C1A7C4EFE00593A87 /* developmentBranch */ = {
			isa = PBXNativeTarget;
			buildConfigurationList = 62BFB8331A7C4EFE00593A87 /* Build configuration list for PBXNativeTarget "developmentBranch" */;
			buildPhases = (
				62BFB8091A7C4EFE00593A87 /* Sources */,
				62BFB80A1A7C4EFE00593A87 /* Frameworks */,
				62BFB80B1A7C4EFE00593A87 /* Resources */,
			);
			buildRules = (
			);
			dependencies = (
			);
			name = developmentBranch;
			productName = developmentBranch;
			productReference = 62BFB80D1A7C4EFE00593A87 /* developmentBranch.app */;
			productType = "com.apple.product-type.application";
		};
		62BFB8281A7C4EFE00593A87 /* developmentBranchTests */ = {
			isa = PBXNativeTarget;
			buildConfigurationList = 62BFB8361A7C4EFE00593A87 /* Build configuration list for PBXNativeTarget "developmentBranchTests" */;
			buildPhases = (
				62BFB8251A7C4EFE00593A87 /* Sources */,
				62BFB8261A7C4EFE00593A87 /* Frameworks */,
				62BFB8271A7C4EFE00593A87 /* Resources */,
			);
			buildRules = (
			);
			dependencies = (
				62BFB82B1A7C4EFE00593A87 /* PBXTargetDependency */,
			);
			name = developmentBranchTests;
			productName = developmentBranchTests;
			productReference = 62BFB8291A7C4EFE00593A87 /* developmentBranchTests.xctest */;
			productType = "com.apple.product-type.bundle.unit-test";
		};
/* End PBXNativeTarget section */

/* Begin PBXProject section */
		62BFB8051A7C4EFE00593A87 /* Project object */ = {
			isa = PBXProject;
			attributes = {
				LastUpgradeCheck = 0610;
				ORGANIZATIONNAME = "Mary Jenel Myers";
				TargetAttributes = {
					62BFB80C1A7C4EFE00593A87 = {
						CreatedOnToolsVersion = 6.1.1;
					};
					62BFB8281A7C4EFE00593A87 = {
						CreatedOnToolsVersion = 6.1.1;
						TestTargetID = 62BFB80C1A7C4EFE00593A87;
					};
				};
			};
			buildConfigurationList = 62BFB8081A7C4EFE00593A87 /* Build configuration list for PBXProject "developmentBranch" */;
			compatibilityVersion = "Xcode 3.2";
			developmentRegion = English;
			hasScannedForEncodings = 0;
			knownRegions = (
				en,
				Base,
			);
			mainGroup = 62BFB8041A7C4EFE00593A87;
			productRefGroup = 62BFB80E1A7C4EFE00593A87 /* Products */;
			projectDirPath = "";
			projectRoot = "";
			targets = (
				62BFB80C1A7C4EFE00593A87 /* developmentBranch */,
				62BFB8281A7C4EFE00593A87 /* developmentBranchTests */,
			);
		};
/* End PBXProject section */

/* Begin PBXResourcesBuildPhase section */
		62BFB80B1A7C4EFE00593A87 /* Resources */ = {
			isa = PBXResourcesBuildPhase;
			buildActionMask = 2147483647;
			files = (
				62BFB81F1A7C4EFE00593A87 /* Main.storyboard in Resources */,
				62BFB8241A7C4EFE00593A87 /* LaunchScreen.xib in Resources */,
				62BFB8211A7C4EFE00593A87 /* Images.xcassets in Resources */,
			);
			runOnlyForDeploymentPostprocessing = 0;
		};
		62BFB8271A7C4EFE00593A87 /* Resources */ = {
			isa = PBXResourcesBuildPhase;
			buildActionMask = 2147483647;
			files = (
			);
			runOnlyForDeploymentPostprocessing = 0;
		};
/* End PBXResourcesBuildPhase section */

/* Begin PBXSourcesBuildPhase section */
		62BFB8091A7C4EFE00593A87 /* Sources */ = {
			isa = PBXSourcesBuildPhase;
			buildActionMask = 2147483647;
			files = (
				62BFB83B1A7C4F1300593A87 /* firstViewController.m in Sources */,
				62BFB8161A7C4EFE00593A87 /* AppDelegate.m in Sources */,
				62BFB8191A7C4EFE00593A87 /* developmentBranch.xcdatamodeld in Sources */,
				62BFB81C1A7C4EFE00593A87 /* ViewController.m in Sources */,
				62BFB8131A7C4EFE00593A87 /* main.m in Sources */,
			);
			runOnlyForDeploymentPostprocessing = 0;
		};
		62BFB8251A7C4EFE00593A87 /* Sources */ = {
			isa = PBXSourcesBuildPhase;
			buildActionMask = 2147483647;
			files = (
				62BFB8301A7C4EFE00593A87 /* developmentBranchTests.m in Sources */,
			);
			runOnlyForDeploymentPostprocessing = 0;
		};
/* End PBXSourcesBuildPhase section */

/* Begin PBXTargetDependency section */
		62BFB82B1A7C4EFE00593A87 /* PBXTargetDependency */ = {
			isa = PBXTargetDependency;
			target = 62BFB80C1A7C4EFE00593A87 /* developmentBranch */;
			targetProxy = 62BFB82A1A7C4EFE00593A87 /* PBXContainerItemProxy */;
		};
/* End PBXTargetDependency section */

/* Begin PBXVariantGroup section */
		62BFB81D1A7C4EFE00593A87 /* Main.storyboard */ = {
			isa = PBXVariantGroup;
			children = (
				62BFB81E1A7C4EFE00593A87 /* Base */,
			);
			name = Main.storyboard;
			sourceTree = "<group>";
		};
		62BFB8221A7C4EFE00593A87 /* LaunchScreen.xib */ = {
			isa = PBXVariantGroup;
			children = (
				62BFB8231A7C4EFE00593A87 /* Base */,
			);
			name = LaunchScreen.xib;
			sourceTree = "<group>";
		};
/* End PBXVariantGroup section */

/* Begin XCBuildConfiguration section */
		62BFB8311A7C4EFE00593A87 /* Debug */ = {
			isa = XCBuildConfiguration;
			buildSettings = {
				ALWAYS_SEARCH_USER_PATHS = NO;
				CLANG_CXX_LANGUAGE_STANDARD = "gnu++0x";
				CLANG_CXX_LIBRARY = "libc++";
				CLANG_ENABLE_MODULES = YES;
				CLANG_ENABLE_OBJC_ARC = YES;
				CLANG_WARN_BOOL_CONVERSION = YES;
				CLANG_WARN_CONSTANT_CONVERSION = YES;
				CLANG_WARN_DIRECT_OBJC_ISA_USAGE = YES_ERROR;
				CLANG_WARN_EMPTY_BODY = YES;
				CLANG_WARN_ENUM_CONVERSION = YES;
				CLANG_WARN_INT_CONVERSION = YES;
				CLANG_WARN_OBJC_ROOT_CLASS = YES_ERROR;
				CLANG_WARN_UNREACHABLE_CODE = YES;
				CLANG_WARN__DUPLICATE_METHOD_MATCH = YES;
				"CODE_SIGN_IDENTITY[sdk=iphoneos*]" = "iPhone Developer";
				COPY_PHASE_STRIP = NO;
				ENABLE_STRICT_OBJC_MSGSEND = YES;
				GCC_C_LANGUAGE_STANDARD = gnu99;
				GCC_DYNAMIC_NO_PIC = NO;
				GCC_OPTIMIZATION_LEVEL = 0;
				GCC_PREPROCESSOR_DEFINITIONS = (
					"DEBUG=1",
					"$(inherited)",
				);
				GCC_SYMBOLS_PRIVATE_EXTERN = NO;
				GCC_WARN_64_TO_32_BIT_CONVERSION = YES;
				GCC_WARN_ABOUT_RETURN_TYPE = YES_ERROR;
				GCC_WARN_UNDECLARED_SELECTOR = YES;
				GCC_WARN_UNINITIALIZED_AUTOS = YES_AGGRESSIVE;
				GCC_WARN_UNUSED_FUNCTION = YES;
				GCC_WARN_UNUSED_VARIABLE = YES;
				IPHONEOS_DEPLOYMENT_TARGET = 8.1;
				MTL_ENABLE_DEBUG_INFO = YES;
				ONLY_ACTIVE_ARCH = YES;
				SDKROOT = iphoneos;
			};
			name = Debug;
		};
		62BFB8321A7C4EFE00593A87 /* Release */ = {
			isa = XCBuildConfiguration;
			buildSettings = {
				ALWAYS_SEARCH_USER_PATHS = NO;
				CLANG_CXX_LANGUAGE_STANDARD = "gnu++0x";
				CLANG_CXX_LIBRARY = "libc++";
				CLANG_ENABLE_MODULES = YES;
				CLANG_ENABLE_OBJC_ARC = YES;
				CLANG_WARN_BOOL_CONVERSION = YES;
				CLANG_WARN_CONSTANT_CONVERSION = YES;
				CLANG_WARN_DIRECT_OBJC_ISA_USAGE = YES_ERROR;
				CLANG_WARN_EMPTY_BODY = YES;
				CLANG_WARN_ENUM_CONVERSION = YES;
				CLANG_WARN_INT_CONVERSION = YES;
				CLANG_WARN_OBJC_ROOT_CLASS = YES_ERROR;
				CLANG_WARN_UNREACHABLE_CODE = YES;
				CLANG_WARN__DUPLICATE_METHOD_MATCH = YES;
				"CODE_SIGN_IDENTITY[sdk=iphoneos*]" = "iPhone Developer";
				COPY_PHASE_STRIP = YES;
				ENABLE_NS_ASSERTIONS = NO;
				ENABLE_STRICT_OBJC_MSGSEND = YES;
				GCC_C_LANGUAGE_STANDARD = gnu99;
				GCC_WARN_64_TO_32_BIT_CONVERSION = YES;
				GCC_WARN_ABOUT_RETURN_TYPE = YES_ERROR;
				GCC_WARN_UNDECLARED_SELECTOR = YES;
				GCC_WARN_UNINITIALIZED_AUTOS = YES_AGGRESSIVE;
				GCC_WARN_UNUSED_FUNCTION = YES;
				GCC_WARN_UNUSED_VARIABLE = YES;
				IPHONEOS_DEPLOYMENT_TARGET = 8.1;
				MTL_ENABLE_DEBUG_INFO = NO;
				SDKROOT = iphoneos;
				VALIDATE_PRODUCT = YES;
			};
			name = Release;
		};
		62BFB8341A7C4EFE00593A87 /* Debug */ = {
			isa = XCBuildConfiguration;
			buildSettings = {
				ASSETCATALOG_COMPILER_APPICON_NAME = AppIcon;
				INFOPLIST_FILE = developmentBranch/Info.plist;
				LD_RUNPATH_SEARCH_PATHS = "$(inherited) @executable_path/Frameworks";
				PRODUCT_NAME = "$(TARGET_NAME)";
			};
			name = Debug;
		};
		62BFB8351A7C4EFE00593A87 /* Release */ = {
			isa = XCBuildConfiguration;
			buildSettings = {
				ASSETCATALOG_COMPILER_APPICON_NAME = AppIcon;
				INFOPLIST_FILE = developmentBranch/Info.plist;
				LD_RUNPATH_SEARCH_PATHS = "$(inherited) @executable_path/Frameworks";
				PRODUCT_NAME = "$(TARGET_NAME)";
			};
			name = Release;
		};
		62BFB8371A7C4EFE00593A87 /* Debug */ = {
			isa = XCBuildConfiguration;
			buildSettings = {
				BUNDLE_LOADER = "$(TEST_HOST)";
				FRAMEWORK_SEARCH_PATHS = (
					"$(SDKROOT)/Developer/Library/Frameworks",
					"$(inherited)",
				);
				GCC_PREPROCESSOR_DEFINITIONS = (
					"DEBUG=1",
					"$(inherited)",
				);
				INFOPLIST_FILE = developmentBranchTests/Info.plist;
				LD_RUNPATH_SEARCH_PATHS = "$(inherited) @executable_path/Frameworks @loader_path/Frameworks";
				PRODUCT_NAME = "$(TARGET_NAME)";
				TEST_HOST = "$(BUILT_PRODUCTS_DIR)/developmentBranch.app/developmentBranch";
			};
			name = Debug;
		};
		62BFB8381A7C4EFE00593A87 /* Release */ = {
			isa = XCBuildConfiguration;
			buildSettings = {
				BUNDLE_LOADER = "$(TEST_HOST)";
				FRAMEWORK_SEARCH_PATHS = (
					"$(SDKROOT)/Developer/Library/Frameworks",
					"$(inherited)",
				);
				INFOPLIST_FILE = developmentBranchTests/Info.plist;
				LD_RUNPATH_SEARCH_PATHS = "$(inherited) @executable_path/Frameworks @loader_path/Frameworks";
				PRODUCT_NAME = "$(TARGET_NAME)";
				TEST_HOST = "$(BUILT_PRODUCTS_DIR)/developmentBranch.app/developmentBranch";
			};
			name = Release;
		};
/* End XCBuildConfiguration section */

/* Begin XCConfigurationList section */
		62BFB8081A7C4EFE00593A87 /* Build configuration list for PBXProject "developmentBranch" */ = {
			isa = XCConfigurationList;
			buildConfigurations = (
				62BFB8311A7C4EFE00593A87 /* Debug */,
				62BFB8321A7C4EFE00593A87 /* Release */,
			);
			defaultConfigurationIsVisible = 0;
			defaultConfigurationName = Release;
		};
		62BFB8331A7C4EFE00593A87 /* Build configuration list for PBXNativeTarget "developmentBranch" */ = {
			isa = XCConfigurationList;
			buildConfigurations = (
				62BFB8341A7C4EFE00593A87 /* Debug */,
				62BFB8351A7C4EFE00593A87 /* Release */,
			);
			defaultConfigurationIsVisible = 0;
		};
		62BFB8361A7C4EFE00593A87 /* Build configuration list for PBXNativeTarget "developmentBranchTests" */ = {
			isa = XCConfigurationList;
			buildConfigurations = (
				62BFB8371A7C4EFE00593A87 /* Debug */,
				62BFB8381A7C4EFE00593A87 /* Release */,
			);
			defaultConfigurationIsVisible = 0;
		};
/* End XCConfigurationList section */

/* Begin XCVersionGroup section */
		62BFB8171A7C4EFE00593A87 /* developmentBranch.xcdatamodeld */ = {
			isa = XCVersionGroup;
			children = (
				62BFB8181A7C4EFE00593A87 /* developmentBranch.xcdatamodel */,
			);
			currentVersion = 62BFB8181A7C4EFE00593A87 /* developmentBranch.xcdatamodel */;
			path = developmentBranch.xcdatamodeld;
			sourceTree = "<group>";
			versionGroupType = wrapper.xcdatamodel;
		};
/* End XCVersionGroup section */
	};
	rootObject = 62BFB8051A7C4EFE00593A87 /* Project object */;
}
